// !$*UTF8*$!
{
	archiveVersion = 1;
	classes = {
	};
	objectVersion = 46;
	objects = {

/* Begin PBXBuildFile section */
		E497C7E01E6DC9A700FE34CB /* LocationManager.m in Sources */ = {isa = PBXBuildFile; fileRef = E497C7DF1E6DC9A700FE34CB /* LocationManager.m */; };
		E497C7E31E6DC9E600FE34CB /* DBManager.m in Sources */ = {isa = PBXBuildFile; fileRef = E497C7E21E6DC9E600FE34CB /* DBManager.m */; };
		E4D7A6E11E71AE0500C8D056 /* LocationManager.h in CopyFiles */ = {isa = PBXBuildFile; fileRef = E497C7DE1E6DC90C00FE34CB /* LocationManager.h */; };
/* End PBXBuildFile section */

/* Begin PBXCopyFilesBuildPhase section */
		E497C7D01E6613CA00FE34CB /* CopyFiles */ = {
			isa = PBXCopyFilesBuildPhase;
			buildActionMask = 2147483647;
			dstPath = "include/$(PRODUCT_NAME)";
			dstSubfolderSpec = 16;
			files = (
				E4D7A6E11E71AE0500C8D056 /* LocationManager.h in CopyFiles */,
			);
			runOnlyForDeploymentPostprocessing = 0;
		};
/* End PBXCopyFilesBuildPhase section */

/* Begin PBXFileReference section */
		E497C7D21E6613CA00FE34CB /* libiOSPlugin.a */ = {isa = PBXFileReference; explicitFileType = archive.ar; includeInIndex = 0; path = libiOSPlugin.a; sourceTree = BUILT_PRODUCTS_DIR; };
		E497C7DE1E6DC90C00FE34CB /* LocationManager.h */ = {isa = PBXFileReference; fileEncoding = 4; lastKnownFileType = sourcecode.c.h; path = LocationManager.h; sourceTree = "<group>"; };
		E497C7DF1E6DC9A700FE34CB /* LocationManager.m */ = {isa = PBXFileReference; fileEncoding = 4; lastKnownFileType = sourcecode.c.objc; path = LocationManager.m; sourceTree = "<group>"; };
		E497C7E11E6DC9C800FE34CB /* DBManager.h */ = {isa = PBXFileReference; fileEncoding = 4; lastKnownFileType = sourcecode.c.h; path = DBManager.h; sourceTree = "<group>"; };
		E497C7E21E6DC9E600FE34CB /* DBManager.m */ = {isa = PBXFileReference; fileEncoding = 4; lastKnownFileType = sourcecode.c.objc; path = DBManager.m; sourceTree = "<group>"; };
/* End PBXFileReference section */

/* Begin PBXFrameworksBuildPhase section */
		E497C7CF1E6613CA00FE34CB /* Frameworks */ = {
			isa = PBXFrameworksBuildPhase;
			buildActionMask = 2147483647;
			files = (
			);
			runOnlyForDeploymentPostprocessing = 0;
		};
/* End PBXFrameworksBuildPhase section */

/* Begin PBXGroup section */
		E497C7C91E6613CA00FE34CB = {
			isa = PBXGroup;
			children = (
				E497C7D41E6613CA00FE34CB /* iOSPlugin */,
				E497C7D31E6613CA00FE34CB /* Products */,
			);
			sourceTree = "<group>";
		};
		E497C7D31E6613CA00FE34CB /* Products */ = {
			isa = PBXGroup;
			children = (
				E497C7D21E6613CA00FE34CB /* libiOSPlugin.a */,
			);
			name = Products;
			sourceTree = "<group>";
		};
		E497C7D41E6613CA00FE34CB /* iOSPlugin */ = {
			isa = PBXGroup;
			children = (
				E497C7DE1E6DC90C00FE34CB /* LocationManager.h */,
				E497C7DF1E6DC9A700FE34CB /* LocationManager.m */,
				E497C7E11E6DC9C800FE34CB /* DBManager.h */,
				E497C7E21E6DC9E600FE34CB /* DBManager.m */,
			);
			path = iOSPlugin;
			sourceTree = "<group>";
		};
/* End PBXGroup section */

/* Begin PBXNativeTarget section */
		E497C7D11E6613CA00FE34CB /* iOSPlugin */ = {
			isa = PBXNativeTarget;
			buildConfigurationList = E497C7DB1E6613CA00FE34CB /* Build configuration list for PBXNativeTarget "iOSPlugin" */;
			buildPhases = (
				E497C7CE1E6613CA00FE34CB /* Sources */,
				E497C7CF1E6613CA00FE34CB /* Frameworks */,
				E497C7D01E6613CA00FE34CB /* CopyFiles */,
			);
			buildRules = (
			);
			dependencies = (
			);
			name = iOSPlugin;
			productName = iOSPlugin;
			productReference = E497C7D21E6613CA00FE34CB /* libiOSPlugin.a */;
			productType = "com.apple.product-type.library.static";
		};
/* End PBXNativeTarget section */

/* Begin PBXProject section */
		E497C7CA1E6613CA00FE34CB /* Project object */ = {
			isa = PBXProject;
			attributes = {
				LastUpgradeCheck = 0820;
				ORGANIZATIONNAME = me;
				TargetAttributes = {
					E497C7D11E6613CA00FE34CB = {
						CreatedOnToolsVersion = 8.2;
						ProvisioningStyle = Automatic;
					};
				};
			};
			buildConfigurationList = E497C7CD1E6613CA00FE34CB /* Build configuration list for PBXProject "iOSPlugin" */;
			compatibilityVersion = "Xcode 3.2";
			developmentRegion = English;
			hasScannedForEncodings = 0;
			knownRegions = (
				en,
			);
			mainGroup = E497C7C91E6613CA00FE34CB;
			productRefGroup = E497C7D31E6613CA00FE34CB /* Products */;
			projectDirPath = "";
			projectRoot = "";
			targets = (
				E497C7D11E6613CA00FE34CB /* iOSPlugin */,
			);
		};
/* End PBXProject section */

/* Begin PBXSourcesBuildPhase section */
		E497C7CE1E6613CA00FE34CB /* Sources */ = {
			isa = PBXSourcesBuildPhase;
			buildActionMask = 2147483647;
			files = (
				E497C7E01E6DC9A700FE34CB /* LocationManager.m in Sources */,
				E497C7E31E6DC9E600FE34CB /* DBManager.m in Sources */,
			);
			runOnlyForDeploymentPostprocessing = 0;
		};
/* End PBXSourcesBuildPhase section */

/* Begin XCBuildConfiguration section */
		E497C7D91E6613CA00FE34CB /* Debug */ = {
			isa = XCBuildConfiguration;
			buildSettings = {
				ALWAYS_SEARCH_USER_PATHS = NO;
				CLANG_ANALYZER_NONNULL = YES;
				CLANG_CXX_LANGUAGE_STANDARD = "gnu++0x";
				CLANG_CXX_LIBRARY = "libc++";
				CLANG_ENABLE_MODULES = YES;
				CLANG_ENABLE_OBJC_ARC = YES;
				CLANG_WARN_BOOL_CONVERSION = YES;
				CLANG_WARN_CONSTANT_CONVERSION = YES;
				CLANG_WARN_DIRECT_OBJC_ISA_USAGE = YES_ERROR;
				CLANG_WARN_DOCUMENTATION_COMMENTS = YES;
				CLANG_WARN_EMPTY_BODY = YES;
				CLANG_WARN_ENUM_CONVERSION = YES;
				CLANG_WARN_INFINITE_RECURSION = YES;
				CLANG_WARN_INT_CONVERSION = YES;
				CLANG_WARN_OBJC_ROOT_CLASS = YES_ERROR;
				CLANG_WARN_SUSPICIOUS_MOVE = YES;
				CLANG_WARN_UNREACHABLE_CODE = YES;
				CLANG_WARN__DUPLICATE_METHOD_MATCH = YES;
				"CODE_SIGN_IDENTITY[sdk=iphoneos*]" = "iPhone Developer";
				COPY_PHASE_STRIP = NO;
				DEBUG_INFORMATION_FORMAT = dwarf;
				ENABLE_STRICT_OBJC_MSGSEND = YES;
				ENABLE_TESTABILITY = YES;
				GCC_C_LANGUAGE_STANDARD = gnu99;
				GCC_DYNAMIC_NO_PIC = NO;
				GCC_NO_COMMON_BLOCKS = YES;
				GCC_OPTIMIZATION_LEVEL = 0;
				GCC_PREPROCESSOR_DEFINITIONS = (
					"DEBUG=1",
					"$(inherited)",
				);
				GCC_WARN_64_TO_32_BIT_CONVERSION = YES;
				GCC_WARN_ABOUT_RETURN_TYPE = YES_ERROR;
				GCC_WARN_UNDECLARED_SELECTOR = YES;
				GCC_WARN_UNINITIALIZED_AUTOS = YES_AGGRESSIVE;
				GCC_WARN_UNUSED_FUNCTION = YES;
				GCC_WARN_UNUSED_VARIABLE = YES;
				IPHONEOS_DEPLOYMENT_TARGET = 10.2;
				MTL_ENABLE_DEBUG_INFO = YES;
				ONLY_ACTIVE_ARCH = YES;
				SDKROOT = iphoneos;
			};
			name = Debug;
		};
		E497C7DA1E6613CA00FE34CB /* Release */ = {
			isa = XCBuildConfiguration;
			buildSettings = {
				ALWAYS_SEARCH_USER_PATHS = NO;
				CLANG_ANALYZER_NONNULL = YES;
				CLANG_CXX_LANGUAGE_STANDARD = "gnu++0x";
				CLANG_CXX_LIBRARY = "libc++";
				CLANG_ENABLE_MODULES = YES;
				CLANG_ENABLE_OBJC_ARC = YES;
				CLANG_WARN_BOOL_CONVERSION = YES;
				CLANG_WARN_CONSTANT_CONVERSION = YES;
				CLANG_WARN_DIRECT_OBJC_ISA_USAGE = YES_ERROR;
				CLANG_WARN_DOCUMENTATION_COMMENTS = YES;
				CLANG_WARN_EMPTY_BODY = YES;
				CLANG_WARN_ENUM_CONVERSION = YES;
				CLANG_WARN_INFINITE_RECURSION = YES;
				CLANG_WARN_INT_CONVERSION = YES;
				CLANG_WARN_OBJC_ROOT_CLASS = YES_ERROR;
				CLANG_WARN_SUSPICIOUS_MOVE = YES;
				CLANG_WARN_UNREACHABLE_CODE = YES;
				CLANG_WARN__DUPLICATE_METHOD_MATCH = YES;
				"CODE_SIGN_IDENTITY[sdk=iphoneos*]" = "iPhone Developer";
				COPY_PHASE_STRIP = NO;
				DEBUG_INFORMATION_FORMAT = "dwarf-with-dsym";
				ENABLE_NS_ASSERTIONS = NO;
				ENABLE_STRICT_OBJC_MSGSEND = YES;
				GCC_C_LANGUAGE_STANDARD = gnu99;
				GCC_NO_COMMON_BLOCKS = YES;
				GCC_WARN_64_TO_32_BIT_CONVERSION = YES;
				GCC_WARN_ABOUT_RETURN_TYPE = YES_ERROR;
				GCC_WARN_UNDECLARED_SELECTOR = YES;
				GCC_WARN_UNINITIALIZED_AUTOS = YES_AGGRESSIVE;
				GCC_WARN_UNUSED_FUNCTION = YES;
				GCC_WARN_UNUSED_VARIABLE = YES;
				IPHONEOS_DEPLOYMENT_TARGET = 10.2;
				MTL_ENABLE_DEBUG_INFO = NO;
				SDKROOT = iphoneos;
				VALIDATE_PRODUCT = YES;
			};
			name = Release;
		};
		E497C7DC1E6613CA00FE34CB /* Debug */ = {
			isa = XCBuildConfiguration;
			buildSettings = {
				OTHER_LDFLAGS = "-ObjC";
				PRODUCT_NAME = "$(TARGET_NAME)";
				SKIP_INSTALL = YES;
			};
			name = Debug;
		};
		E497C7DD1E6613CA00FE34CB /* Release */ = {
			isa = XCBuildConfiguration;
			buildSettings = {
				OTHER_LDFLAGS = "-ObjC";
				PRODUCT_NAME = "$(TARGET_NAME)";
				SKIP_INSTALL = YES;
			};
			name = Release;
		};
/* End XCBuildConfiguration section */

/* Begin XCConfigurationList section */
		E497C7CD1E6613CA00FE34CB /* Build configuration list for PBXProject "iOSPlugin" */ = {
			isa = XCConfigurationList;
			buildConfigurations = (
				E497C7D91E6613CA00FE34CB /* Debug */,
				E497C7DA1E6613CA00FE34CB /* Release */,
			);
			defaultConfigurationIsVisible = 0;
			defaultConfigurationName = Release;
		};
		E497C7DB1E6613CA00FE34CB /* Build configuration list for PBXNativeTarget "iOSPlugin" */ = {
			isa = XCConfigurationList;
			buildConfigurations = (
				E497C7DC1E6613CA00FE34CB /* Debug */,
				E497C7DD1E6613CA00FE34CB /* Release */,
			);
			defaultConfigurationIsVisible = 0;
			defaultConfigurationName = Release;
		};
/* End XCConfigurationList section */
	};
	rootObject = E497C7CA1E6613CA00FE34CB /* Project object */;
}
